
Microsoft Visual Studio Solution File, Format Version 12.00
# Visual Studio Version 16
VisualStudioVersion = 16.0.28803.452
MinimumVisualStudioVersion = 10.0.40219.1
Project("{FAE04EC0-301F-11D3-BF4B-00C04F79EFBC}") = "AdSync", "AdSync.csproj", "{A047DB82-8373-4318-BF65-202B05EC5879}"
EndProject
Project("{FAE04EC0-301F-11D3-BF4B-00C04F79EFBC}") = "AdSyncTest", "..\AdSyncTest\AdSyncTest.csproj", "{EAA9A5CD-B5E7-427F-9EC1-C3EE8F6D078C}"
EndProject
Project("{9A19103F-16F7-4668-BE54-9A1E7A4F7556}") = "BackgroundTasks", "..\BackgroundTasks\BackgroundTasks.csproj", "{E56C4DC3-3FAF-4BFC-8A52-720EF05F6D97}"
EndProject
Project("{9A19103F-16F7-4668-BE54-9A1E7A4F7556}") = "CodeType", "..\CodeType\CodeType.csproj", "{58FC8824-8005-48A0-B53D-7B5F2952173C}"
EndProject
Project("{FAE04EC0-301F-11D3-BF4B-00C04F79EFBC}") = "Health", "..\Health\Health\Health.csproj", "{9B865406-8DF1-444D-BF00-474FDB511304}"
EndProject
Project("{9A19103F-16F7-4668-BE54-9A1E7A4F7556}") = "Collections", "..\Collections\Collections.csproj", "{866CF255-C067-4CFB-B3C9-2CCFAE3BC555}"
EndProject
Project("{9A19103F-16F7-4668-BE54-9A1E7A4F7556}") = "Health.Abstractions", "..\Health.Abstractions\Health.Abstractions.csproj", "{AC223035-C97D-4045-AC2C-3050C50B658B}"
EndProject
Project("{9A19103F-16F7-4668-BE54-9A1E7A4F7556}") = "IpAddressingUtility", "..\IpAddressingUtility\IpAddressingUtility.csproj", "{CCFFB8DD-687B-402E-AA3D-B54E4E75BF62}"
EndProject
Global
	GlobalSection(SolutionConfigurationPlatforms) = preSolution
		Debug|Any CPU = Debug|Any CPU
		Debug|x64 = Debug|x64
		Debug|x86 = Debug|x86
		Release|Any CPU = Release|Any CPU
		Release|x64 = Release|x64
		Release|x86 = Release|x86
	EndGlobalSection
	GlobalSection(ProjectConfigurationPlatforms) = postSolution
		{A047DB82-8373-4318-BF65-202B05EC5879}.Debug|Any CPU.ActiveCfg = Debug|Any CPU
		{A047DB82-8373-4318-BF65-202B05EC5879}.Debug|Any CPU.Build.0 = Debug|Any CPU
		{A047DB82-8373-4318-BF65-202B05EC5879}.Debug|x64.ActiveCfg = Debug|Any CPU
		{A047DB82-8373-4318-BF65-202B05EC5879}.Debug|x64.Build.0 = Debug|Any CPU
		{A047DB82-8373-4318-BF65-202B05EC5879}.Debug|x86.ActiveCfg = Debug|Any CPU
		{A047DB82-8373-4318-BF65-202B05EC5879}.Debug|x86.Build.0 = Debug|Any CPU
		{A047DB82-8373-4318-BF65-202B05EC5879}.Release|Any CPU.ActiveCfg = Release|Any CPU
		{A047DB82-8373-4318-BF65-202B05EC5879}.Release|Any CPU.Build.0 = Release|Any CPU
		{A047DB82-8373-4318-BF65-202B05EC5879}.Release|x64.ActiveCfg = Release|Any CPU
		{A047DB82-8373-4318-BF65-202B05EC5879}.Release|x64.Build.0 = Release|Any CPU
		{A047DB82-8373-4318-BF65-202B05EC5879}.Release|x86.ActiveCfg = Release|Any CPU
		{A047DB82-8373-4318-BF65-202B05EC5879}.Release|x86.Build.0 = Release|Any CPU
		{EAA9A5CD-B5E7-427F-9EC1-C3EE8F6D078C}.Debug|Any CPU.ActiveCfg = Debug|Any CPU
		{EAA9A5CD-B5E7-427F-9EC1-C3EE8F6D078C}.Debug|Any CPU.Build.0 = Debug|Any CPU
		{EAA9A5CD-B5E7-427F-9EC1-C3EE8F6D078C}.Debug|x64.ActiveCfg = Debug|Any CPU
		{EAA9A5CD-B5E7-427F-9EC1-C3EE8F6D078C}.Debug|x64.Build.0 = Debug|Any CPU
		{EAA9A5CD-B5E7-427F-9EC1-C3EE8F6D078C}.Debug|x86.ActiveCfg = Debug|Any CPU
		{EAA9A5CD-B5E7-427F-9EC1-C3EE8F6D078C}.Debug|x86.Build.0 = Debug|Any CPU
		{EAA9A5CD-B5E7-427F-9EC1-C3EE8F6D078C}.Release|Any CPU.ActiveCfg = Release|Any CPU
		{EAA9A5CD-B5E7-427F-9EC1-C3EE8F6D078C}.Release|Any CPU.Build.0 = Release|Any CPU
		{EAA9A5CD-B5E7-427F-9EC1-C3EE8F6D078C}.Release|x64.ActiveCfg = Release|Any CPU
		{EAA9A5CD-B5E7-427F-9EC1-C3EE8F6D078C}.Release|x64.Build.0 = Release|Any CPU
		{EAA9A5CD-B5E7-427F-9EC1-C3EE8F6D078C}.Release|x86.ActiveCfg = Release|Any CPU
		{EAA9A5CD-B5E7-427F-9EC1-C3EE8F6D078C}.Release|x86.Build.0 = Release|Any CPU
		{E56C4DC3-3FAF-4BFC-8A52-720EF05F6D97}.Debug|Any CPU.ActiveCfg = Debug|Any CPU
		{E56C4DC3-3FAF-4BFC-8A52-720EF05F6D97}.Debug|Any CPU.Build.0 = Debug|Any CPU
		{E56C4DC3-3FAF-4BFC-8A52-720EF05F6D97}.Debug|x64.ActiveCfg = Debug|Any CPU
		{E56C4DC3-3FAF-4BFC-8A52-720EF05F6D97}.Debug|x64.Build.0 = Debug|Any CPU
		{E56C4DC3-3FAF-4BFC-8A52-720EF05F6D97}.Debug|x86.ActiveCfg = Debug|Any CPU
		{E56C4DC3-3FAF-4BFC-8A52-720EF05F6D97}.Debug|x86.Build.0 = Debug|Any CPU
		{E56C4DC3-3FAF-4BFC-8A52-720EF05F6D97}.Release|Any CPU.ActiveCfg = Release|Any CPU
		{E56C4DC3-3FAF-4BFC-8A52-720EF05F6D97}.Release|Any CPU.Build.0 = Release|Any CPU
		{E56C4DC3-3FAF-4BFC-8A52-720EF05F6D97}.Release|x64.ActiveCfg = Release|Any CPU
		{E56C4DC3-3FAF-4BFC-8A52-720EF05F6D97}.Release|x64.Build.0 = Release|Any CPU
		{E56C4DC3-3FAF-4BFC-8A52-720EF05F6D97}.Release|x86.ActiveCfg = Release|Any CPU
		{E56C4DC3-3FAF-4BFC-8A52-720EF05F6D97}.Release|x86.Build.0 = Release|Any CPU
		{58FC8824-8005-48A0-B53D-7B5F2952173C}.Debug|Any CPU.ActiveCfg = Debug|Any CPU
		{58FC8824-8005-48A0-B53D-7B5F2952173C}.Debug|Any CPU.Build.0 = Debug|Any CPU
		{58FC8824-8005-48A0-B53D-7B5F2952173C}.Debug|x64.ActiveCfg = Debug|Any CPU
		{58FC8824-8005-48A0-B53D-7B5F2952173C}.Debug|x64.Build.0 = Debug|Any CPU
		{58FC8824-8005-48A0-B53D-7B5F2952173C}.Debug|x86.ActiveCfg = Debug|Any CPU
		{58FC8824-8005-48A0-B53D-7B5F2952173C}.Debug|x86.Build.0 = Debug|Any CPU
		{58FC8824-8005-48A0-B53D-7B5F2952173C}.Release|Any CPU.ActiveCfg = Release|Any CPU
		{58FC8824-8005-48A0-B53D-7B5F2952173C}.Release|Any CPU.Build.0 = Release|Any CPU
		{58FC8824-8005-48A0-B53D-7B5F2952173C}.Release|x64.ActiveCfg = Release|Any CPU
		{58FC8824-8005-48A0-B53D-7B5F2952173C}.Release|x64.Build.0 = Release|Any CPU
		{58FC8824-8005-48A0-B53D-7B5F2952173C}.Release|x86.ActiveCfg = Release|Any CPU
		{58FC8824-8005-48A0-B53D-7B5F2952173C}.Release|x86.Build.0 = Release|Any CPU
		{9B865406-8DF1-444D-BF00-474FDB511304}.Debug|Any CPU.ActiveCfg = Debug|Any CPU
		{9B865406-8DF1-444D-BF00-474FDB511304}.Debug|Any CPU.Build.0 = Debug|Any CPU
		{9B865406-8DF1-444D-BF00-474FDB511304}.Debug|x64.ActiveCfg = Debug|Any CPU
		{9B865406-8DF1-444D-BF00-474FDB511304}.Debug|x64.Build.0 = Debug|Any CPU
		{9B865406-8DF1-444D-BF00-474FDB511304}.Debug|x86.ActiveCfg = Debug|Any CPU
		{9B865406-8DF1-444D-BF00-474FDB511304}.Debug|x86.Build.0 = Debug|Any CPU
		{9B865406-8DF1-444D-BF00-474FDB511304}.Release|Any CPU.ActiveCfg = Release|Any CPU
		{9B865406-8DF1-444D-BF00-474FDB511304}.Release|Any CPU.Build.0 = Release|Any CPU
		{9B865406-8DF1-444D-BF00-474FDB511304}.Release|x64.ActiveCfg = Release|Any CPU
		{9B865406-8DF1-444D-BF00-474FDB511304}.Release|x64.Build.0 = Release|Any CPU
		{9B865406-8DF1-444D-BF00-474FDB511304}.Release|x86.ActiveCfg = Release|Any CPU
		{9B865406-8DF1-444D-BF00-474FDB511304}.Release|x86.Build.0 = Release|Any CPU
		{866CF255-C067-4CFB-B3C9-2CCFAE3BC555}.Debug|Any CPU.ActiveCfg = Debug|Any CPU
		{866CF255-C067-4CFB-B3C9-2CCFAE3BC555}.Debug|Any CPU.Build.0 = Debug|Any CPU
		{866CF255-C067-4CFB-B3C9-2CCFAE3BC555}.Debug|x64.ActiveCfg = Debug|Any CPU
		{866CF255-C067-4CFB-B3C9-2CCFAE3BC555}.Debug|x64.Build.0 = Debug|Any CPU
		{866CF255-C067-4CFB-B3C9-2CCFAE3BC555}.Debug|x86.ActiveCfg = Debug|Any CPU
		{866CF255-C067-4CFB-B3C9-2CCFAE3BC555}.Debug|x86.Build.0 = Debug|Any CPU
		{866CF255-C067-4CFB-B3C9-2CCFAE3BC555}.Release|Any CPU.ActiveCfg = Release|Any CPU
		{866CF255-C067-4CFB-B3C9-2CCFAE3BC555}.Release|Any CPU.Build.0 = Release|Any CPU
		{866CF255-C067-4CFB-B3C9-2CCFAE3BC555}.Release|x64.ActiveCfg = Release|Any CPU
		{866CF255-C067-4CFB-B3C9-2CCFAE3BC555}.Release|x64.Build.0 = Release|Any CPU
		{866CF255-C067-4CFB-B3C9-2CCFAE3BC555}.Release|x86.ActiveCfg = Release|Any CPU
		{866CF255-C067-4CFB-B3C9-2CCFAE3BC555}.Release|x86.Build.0 = Release|Any CPU
		{AC223035-C97D-4045-AC2C-3050C50B658B}.Debug|Any CPU.ActiveCfg = Debug|Any CPU
		{AC223035-C97D-4045-AC2C-3050C50B658B}.Debug|Any CPU.Build.0 = Debug|Any CPU
		{AC223035-C97D-4045-AC2C-3050C50B658B}.Debug|x64.ActiveCfg = Debug|Any CPU
		{AC223035-C97D-4045-AC2C-3050C50B658B}.Debug|x64.Build.0 = Debug|Any CPU
		{AC223035-C97D-4045-AC2C-3050C50B658B}.Debug|x86.ActiveCfg = Debug|Any CPU
		{AC223035-C97D-4045-AC2C-3050C50B658B}.Debug|x86.Build.0 = Debug|Any CPU
		{AC223035-C97D-4045-AC2C-3050C50B658B}.Release|Any CPU.ActiveCfg = Release|Any CPU
		{AC223035-C97D-4045-AC2C-3050C50B658B}.Release|Any CPU.Build.0 = Release|Any CPU
		{AC223035-C97D-4045-AC2C-3050C50B658B}.Release|x64.ActiveCfg = Release|Any CPU
		{AC223035-C97D-4045-AC2C-3050C50B658B}.Release|x64.Build.0 = Release|Any CPU
		{AC223035-C97D-4045-AC2C-3050C50B658B}.Release|x86.ActiveCfg = Release|Any CPU
		{AC223035-C97D-4045-AC2C-3050C50B658B}.Release|x86.Build.0 = Release|Any CPU
		{CCFFB8DD-687B-402E-AA3D-B54E4E75BF62}.Debug|Any CPU.ActiveCfg = Debug|Any CPU
		{CCFFB8DD-687B-402E-AA3D-B54E4E75BF62}.Debug|Any CPU.Build.0 = Debug|Any CPU
		{CCFFB8DD-687B-402E-AA3D-B54E4E75BF62}.Debug|x64.ActiveCfg = Debug|Any CPU
		{CCFFB8DD-687B-402E-AA3D-B54E4E75BF62}.Debug|x64.Build.0 = Debug|Any CPU
		{CCFFB8DD-687B-402E-AA3D-B54E4E75BF62}.Debug|x86.ActiveCfg = Debug|Any CPU
		{CCFFB8DD-687B-402E-AA3D-B54E4E75BF62}.Debug|x86.Build.0 = Debug|Any CPU
		{CCFFB8DD-687B-402E-AA3D-B54E4E75BF62}.Release|Any CPU.ActiveCfg = Release|Any CPU
		{CCFFB8DD-687B-402E-AA3D-B54E4E75BF62}.Release|Any CPU.Build.0 = Release|Any CPU
		{CCFFB8DD-687B-402E-AA3D-B54E4E75BF62}.Release|x64.ActiveCfg = Release|Any CPU
		{CCFFB8DD-687B-402E-AA3D-B54E4E75BF62}.Release|x64.Build.0 = Release|Any CPU
		{CCFFB8DD-687B-402E-AA3D-B54E4E75BF62}.Release|x86.ActiveCfg = Release|Any CPU
		{CCFFB8DD-687B-402E-AA3D-B54E4E75BF62}.Release|x86.Build.0 = Release|Any CPU
	EndGlobalSection
	GlobalSection(SolutionProperties) = preSolution
		HideSolutionNode = FALSE
	EndGlobalSection
	GlobalSection(ExtensibilityGlobals) = postSolution
		SolutionGuid = {517C843C-4B91-41C4-93B9-979EBD2F09B4}
	EndGlobalSection
EndGlobal
